
Microsoft Visual Studio Solution File, Format Version 12.00
# Visual Studio Version 17
VisualStudioVersion = 17.12.35728.132 d17.12
MinimumVisualStudioVersion = 10.0.40219.1
Project("{FAE04EC0-301F-11D3-BF4B-00C04F79EFBC}") = "ProjectsService.API", "ProjectsService.API\ProjectsService.API.csproj", "{F2192FF4-59E3-4C93-AE6F-E9B503AA1ECB}"
	ProjectSection(ProjectDependencies) = postProject
		{04FDEEFC-C21D-4F38-8E50-9439F49DD1C2} = {04FDEEFC-C21D-4F38-8E50-9439F49DD1C2}
	EndProjectSection
EndProject
Project("{FAE04EC0-301F-11D3-BF4B-00C04F79EFBC}") = "ProjectsService.Application", "ProjectsService.Application\ProjectsService.Application.csproj", "{CECFB4F5-35DE-4F0F-9688-4F681CEFA6CB}"
	ProjectSection(ProjectDependencies) = postProject
		{A70279A8-B71C-462E-BDF2-D34D553FED2F} = {A70279A8-B71C-462E-BDF2-D34D553FED2F}
	EndProjectSection
EndProject
Project("{FAE04EC0-301F-11D3-BF4B-00C04F79EFBC}") = "ProjectsService.Domain", "ProjectsService.Domain\ProjectsService.Domain.csproj", "{A70279A8-B71C-462E-BDF2-D34D553FED2F}"
EndProject
Project("{FAE04EC0-301F-11D3-BF4B-00C04F79EFBC}") = "ProjectsService.Infrastructure", "ProjectsService.Infrastructure\ProjectsService.Infrastructure.csproj", "{04FDEEFC-C21D-4F38-8E50-9439F49DD1C2}"
	ProjectSection(ProjectDependencies) = postProject
		{CECFB4F5-35DE-4F0F-9688-4F681CEFA6CB} = {CECFB4F5-35DE-4F0F-9688-4F681CEFA6CB}
	EndProjectSection
EndProject
Global
	GlobalSection(SolutionConfigurationPlatforms) = preSolution
		Debug|Any CPU = Debug|Any CPU
		Release|Any CPU = Release|Any CPU
	EndGlobalSection
	GlobalSection(ProjectConfigurationPlatforms) = postSolution
		{F2192FF4-59E3-4C93-AE6F-E9B503AA1ECB}.Debug|Any CPU.ActiveCfg = Debug|Any CPU
		{F2192FF4-59E3-4C93-AE6F-E9B503AA1ECB}.Debug|Any CPU.Build.0 = Debug|Any CPU
		{F2192FF4-59E3-4C93-AE6F-E9B503AA1ECB}.Release|Any CPU.ActiveCfg = Release|Any CPU
		{F2192FF4-59E3-4C93-AE6F-E9B503AA1ECB}.Release|Any CPU.Build.0 = Release|Any CPU
		{CECFB4F5-35DE-4F0F-9688-4F681CEFA6CB}.Debug|Any CPU.ActiveCfg = Debug|Any CPU
		{CECFB4F5-35DE-4F0F-9688-4F681CEFA6CB}.Debug|Any CPU.Build.0 = Debug|Any CPU
		{CECFB4F5-35DE-4F0F-9688-4F681CEFA6CB}.Release|Any CPU.ActiveCfg = Release|Any CPU
		{CECFB4F5-35DE-4F0F-9688-4F681CEFA6CB}.Release|Any CPU.Build.0 = Release|Any CPU
		{A70279A8-B71C-462E-BDF2-D34D553FED2F}.Debug|Any CPU.ActiveCfg = Debug|Any CPU
		{A70279A8-B71C-462E-BDF2-D34D553FED2F}.Debug|Any CPU.Build.0 = Debug|Any CPU
		{A70279A8-B71C-462E-BDF2-D34D553FED2F}.Release|Any CPU.ActiveCfg = Release|Any CPU
		{A70279A8-B71C-462E-BDF2-D34D553FED2F}.Release|Any CPU.Build.0 = Release|Any CPU
		{04FDEEFC-C21D-4F38-8E50-9439F49DD1C2}.Debug|Any CPU.ActiveCfg = Debug|Any CPU
		{04FDEEFC-C21D-4F38-8E50-9439F49DD1C2}.Debug|Any CPU.Build.0 = Debug|Any CPU
		{04FDEEFC-C21D-4F38-8E50-9439F49DD1C2}.Release|Any CPU.ActiveCfg = Release|Any CPU
		{04FDEEFC-C21D-4F38-8E50-9439F49DD1C2}.Release|Any CPU.Build.0 = Release|Any CPU
	EndGlobalSection
	GlobalSection(SolutionProperties) = preSolution
		HideSolutionNode = FALSE
	EndGlobalSection
EndGlobal
